// !$*UTF8*$!
{
	archiveVersion = 1;
	classes = {
	};
	objectVersion = 77;
	objects = {

/* Begin PBXContainerItemProxy section */
		BBEDEC442F3F9D9F00D826F4 /* PBXContainerItemProxy */ = {
			isa = PBXContainerItemProxy;
			containerPortal = BBEDEC222F3F9D9D00D826F4 /* Project object */;
			proxyType = 1;
			remoteGlobalIDString = BBEDEC292F3F9D9D00D826F4;
			remoteInfo = YNews;
		};
		BBEDEC4E2F3F9D9F00D826F4 /* PBXContainerItemProxy */ = {
			isa = PBXContainerItemProxy;
			containerPortal = BBEDEC222F3F9D9D00D826F4 /* Project object */;
			proxyType = 1;
			remoteGlobalIDString = BBEDEC292F3F9D9D00D826F4;
			remoteInfo = YNews;
		};
/* End PBXContainerItemProxy section */

/* Begin PBXFileReference section */
		BBEDEC2A2F3F9D9D00D826F4 /* YNews.app */ = {isa = PBXFileReference; explicitFileType = wrapper.application; includeInIndex = 0; path = YNews.app; sourceTree = BUILT_PRODUCTS_DIR; };
		BBEDEC432F3F9D9F00D826F4 /* YNewsTests.xctest */ = {isa = PBXFileReference; explicitFileType = wrapper.cfbundle; includeInIndex = 0; path = YNewsTests.xctest; sourceTree = BUILT_PRODUCTS_DIR; };
		BBEDEC4D2F3F9D9F00D826F4 /* YNewsUITests.xctest */ = {isa = PBXFileReference; explicitFileType = wrapper.cfbundle; includeInIndex = 0; path = YNewsUITests.xctest; sourceTree = BUILT_PRODUCTS_DIR; };
/* End PBXFileReference section */

/* Begin PBXFileSystemSynchronizedBuildFileExceptionSet section */
		BBEDEC552F3F9D9F00D826F4 /* Exceptions for "YNews" folder in "YNews" target */ = {
			isa = PBXFileSystemSynchronizedBuildFileExceptionSet;
			membershipExceptions = (
				Info.plist,
			);
			target = BBEDEC292F3F9D9D00D826F4 /* YNews */;
		};
/* End PBXFileSystemSynchronizedBuildFileExceptionSet section */

/* Begin PBXFileSystemSynchronizedRootGroup section */
		BBEDEC2C2F3F9D9D00D826F4 /* YNews */ = {
			isa = PBXFileSystemSynchronizedRootGroup;
			exceptions = (
				BBEDEC552F3F9D9F00D826F4 /* Exceptions for "YNews" folder in "YNews" target */,
			);
			path = YNews;
			sourceTree = "<group>";
		};
		BBEDEC462F3F9D9F00D826F4 /* YNewsTests */ = {
			isa = PBXFileSystemSynchronizedRootGroup;
			path = YNewsTests;
			sourceTree = "<group>";
		};
		BBEDEC502F3F9D9F00D826F4 /* YNewsUITests */ = {
			isa = PBXFileSystemSynchronizedRootGroup;
			path = YNewsUITests;
			sourceTree = "<group>";
		};
/* End PBXFileSystemSynchronizedRootGroup section */

/* Begin PBXFrameworksBuildPhase section */
		BBEDEC272F3F9D9D00D826F4 /* Frameworks */ = {
			isa = PBXFrameworksBuildPhase;
			buildActionMask = 2147483647;
			files = (
			);
			runOnlyForDeploymentPostprocessing = 0;
		};
		BBEDEC402F3F9D9F00D826F4 /* Frameworks */ = {
			isa = PBXFrameworksBuildPhase;
			buildActionMask = 2147483647;
			files = (
			);
			runOnlyForDeploymentPostprocessing = 0;
		};
		BBEDEC4A2F3F9D9F00D826F4 /* Frameworks */ = {
			isa = PBXFrameworksBuildPhase;
			buildActionMask = 2147483647;
			files = (
			);
			runOnlyForDeploymentPostprocessing = 0;
		};
/* End PBXFrameworksBuildPhase section */

/* Begin PBXGroup section */
		BBEDEC212F3F9D9D00D826F4 = {
			isa = PBXGroup;
			children = (
				BBEDEC2C2F3F9D9D00D826F4 /* YNews */,
				BBEDEC462F3F9D9F00D826F4 /* YNewsTests */,
				BBEDEC502F3F9D9F00D826F4 /* YNewsUITests */,
				BBEDEC2B2F3F9D9D00D826F4 /* Products */,
			);
			sourceTree = "<group>";
		};
		BBEDEC2B2F3F9D9D00D826F4 /* Products */ = {
			isa = PBXGroup;
			children = (
				BBEDEC2A2F3F9D9D00D826F4 /* YNews.app */,
				BBEDEC432F3F9D9F00D826F4 /* YNewsTests.xctest */,
				BBEDEC4D2F3F9D9F00D826F4 /* YNewsUITests.xctest */,
			);
			name = Products;
			sourceTree = "<group>";
		};
/* End PBXGroup section */

/* Begin PBXNativeTarget section */
		BBEDEC292F3F9D9D00D826F4 /* YNews */ = {
			isa = PBXNativeTarget;
			buildConfigurationList = BBEDEC562F3F9D9F00D826F4 /* Build configuration list for PBXNativeTarget "YNews" */;
			buildPhases = (
				BBEDEC262F3F9D9D00D826F4 /* Sources */,
				BBEDEC272F3F9D9D00D826F4 /* Frameworks */,
				BBEDEC282F3F9D9D00D826F4 /* Resources */,
			);
			buildRules = (
			);
			dependencies = (
			);
			fileSystemSynchronizedGroups = (
				BBEDEC2C2F3F9D9D00D826F4 /* YNews */,
			);
			name = YNews;
			packageProductDependencies = (
			);
			productName = YNews;
			productReference = BBEDEC2A2F3F9D9D00D826F4 /* YNews.app */;
			productType = "com.apple.product-type.application";
		};
		BBEDEC422F3F9D9F00D826F4 /* YNewsTests */ = {
			isa = PBXNativeTarget;
			buildConfigurationList = BBEDEC5B2F3F9D9F00D826F4 /* Build configuration list for PBXNativeTarget "YNewsTests" */;
			buildPhases = (
				BBEDEC3F2F3F9D9F00D826F4 /* Sources */,
				BBEDEC402F3F9D9F00D826F4 /* Frameworks */,
				BBEDEC412F3F9D9F00D826F4 /* Resources */,
			);
			buildRules = (
			);
			dependencies = (
				BBEDEC452F3F9D9F00D826F4 /* PBXTargetDependency */,
			);
			fileSystemSynchronizedGroups = (
				BBEDEC462F3F9D9F00D826F4 /* YNewsTests */,
			);
			name = YNewsTests;
			packageProductDependencies = (
			);
			productName = YNewsTests;
			productReference = BBEDEC432F3F9D9F00D826F4 /* YNewsTests.xctest */;
			productType = "com.apple.product-type.bundle.unit-test";
		};
		BBEDEC4C2F3F9D9F00D826F4 /* YNewsUITests */ = {
			isa = PBXNativeTarget;
			buildConfigurationList = BBEDEC5E2F3F9D9F00D826F4 /* Build configuration list for PBXNativeTarget "YNewsUITests" */;
			buildPhases = (
				BBEDEC492F3F9D9F00D826F4 /* Sources */,
				BBEDEC4A2F3F9D9F00D826F4 /* Frameworks */,
				BBEDEC4B2F3F9D9F00D826F4 /* Resources */,
			);
			buildRules = (
			);
			dependencies = (
				BBEDEC4F2F3F9D9F00D826F4 /* PBXTargetDependency */,
			);
			fileSystemSynchronizedGroups = (
				BBEDEC502F3F9D9F00D826F4 /* YNewsUITests */,
			);
			name = YNewsUITests;
			packageProductDependencies = (
			);
			productName = YNewsUITests;
			productReference = BBEDEC4D2F3F9D9F00D826F4 /* YNewsUITests.xctest */;
			productType = "com.apple.product-type.bundle.ui-testing";
		};
/* End PBXNativeTarget section */

/* Begin PBXProject section */
		BBEDEC222F3F9D9D00D826F4 /* Project object */ = {
			isa = PBXProject;
			attributes = {
				BuildIndependentTargetsInParallel = 1;
				LastSwiftUpdateCheck = 2620;
				LastUpgradeCheck = 2620;
				TargetAttributes = {
					BBEDEC292F3F9D9D00D826F4 = {
						CreatedOnToolsVersion = 26.2;
					};
					BBEDEC422F3F9D9F00D826F4 = {
						CreatedOnToolsVersion = 26.2;
						TestTargetID = BBEDEC292F3F9D9D00D826F4;
					};
					BBEDEC4C2F3F9D9F00D826F4 = {
						CreatedOnToolsVersion = 26.2;
						TestTargetID = BBEDEC292F3F9D9D00D826F4;
					};
				};
			};
			buildConfigurationList = BBEDEC252F3F9D9D00D826F4 /* Build configuration list for PBXProject "YNews" */;
			developmentRegion = en;
			hasScannedForEncodings = 0;
			knownRegions = (
				en,
				Base,
			);
			mainGroup = BBEDEC212F3F9D9D00D826F4;
			minimizedProjectReferenceProxies = 1;
			preferredProjectObjectVersion = 77;
			productRefGroup = BBEDEC2B2F3F9D9D00D826F4 /* Products */;
			projectDirPath = "";
			projectRoot = "";
			targets = (
				BBEDEC292F3F9D9D00D826F4 /* YNews */,
				BBEDEC422F3F9D9F00D826F4 /* YNewsTests */,
				BBEDEC4C2F3F9D9F00D826F4 /* YNewsUITests */,
			);
		};
/* End PBXProject section */

/* Begin PBXResourcesBuildPhase section */
		BBEDEC282F3F9D9D00D826F4 /* Resources */ = {
			isa = PBXResourcesBuildPhase;
			buildActionMask = 2147483647;
			files = (
			);
			runOnlyForDeploymentPostprocessing = 0;
		};
		BBEDEC412F3F9D9F00D826F4 /* Resources */ = {
			isa = PBXResourcesBuildPhase;
			buildActionMask = 2147483647;
			files = (
			);
			runOnlyForDeploymentPostprocessing = 0;
		};
		BBEDEC4B2F3F9D9F00D826F4 /* Resources */ = {
			isa = PBXResourcesBuildPhase;
			buildActionMask = 2147483647;
			files = (
			);
			runOnlyForDeploymentPostprocessing = 0;
		};
/* End PBXResourcesBuildPhase section */

/* Begin PBXSourcesBuildPhase section */
		BBEDEC262F3F9D9D00D826F4 /* Sources */ = {
			isa = PBXSourcesBuildPhase;
			buildActionMask = 2147483647;
			files = (
			);
			runOnlyForDeploymentPostprocessing = 0;
		};
		BBEDEC3F2F3F9D9F00D826F4 /* Sources */ = {
			isa = PBXSourcesBuildPhase;
			buildActionMask = 2147483647;
			files = (
			);
			runOnlyForDeploymentPostprocessing = 0;
		};
		BBEDEC492F3F9D9F00D826F4 /* Sources */ = {
			isa = PBXSourcesBuildPhase;
			buildActionMask = 2147483647;
			files = (
			);
			runOnlyForDeploymentPostprocessing = 0;
		};
/* End PBXSourcesBuildPhase section */

/* Begin PBXTargetDependency section */
		BBEDEC452F3F9D9F00D826F4 /* PBXTargetDependency */ = {
			isa = PBXTargetDependency;
			target = BBEDEC292F3F9D9D00D826F4 /* YNews */;
			targetProxy = BBEDEC442F3F9D9F00D826F4 /* PBXContainerItemProxy */;
		};
		BBEDEC4F2F3F9D9F00D826F4 /* PBXTargetDependency */ = {
			isa = PBXTargetDependency;
			target = BBEDEC292F3F9D9D00D826F4 /* YNews */;
			targetProxy = BBEDEC4E2F3F9D9F00D826F4 /* PBXContainerItemProxy */;
		};
/* End PBXTargetDependency section */

/* Begin XCBuildConfiguration section */
		BBEDEC572F3F9D9F00D826F4 /* Debug */ = {
			isa = XCBuildConfiguration;
			buildSettings = {
				ASSETCATALOG_COMPILER_APPICON_NAME = AppIcon;
				ASSETCATALOG_COMPILER_GLOBAL_ACCENT_COLOR_NAME = AccentColor;
				CODE_SIGN_STYLE = Automatic;
				CURRENT_PROJECT_VERSION = 1;
				DEVELOPMENT_TEAM = KHCSMY5W68;
				GENERATE_INFOPLIST_FILE = YES;
				INFOPLIST_FILE = YNews/Info.plist;
				INFOPLIST_KEY_UIApplicationSupportsIndirectInputEvents = YES;
				INFOPLIST_KEY_UILaunchStoryboardName = LaunchScreen;
				INFOPLIST_KEY_UIMainStoryboardFile = Main;
				INFOPLIST_KEY_UISupportedInterfaceOrientations_iPad = "UIInterfaceOrientationPortrait UIInterfaceOrientationPortraitUpsideDown UIInterfaceOrientationLandscapeLeft UIInterfaceOrientationLandscapeRight";
				INFOPLIST_KEY_UISupportedInterfaceOrientations_iPhone = "UIInterfaceOrientationPortrait UIInterfaceOrientationLandscapeLeft UIInterfaceOrientationLandscapeRight";
				LD_RUNPATH_SEARCH_PATHS = (
					"$(inherited)",
					"@executable_path/Frameworks",
				);
				MARKETING_VERSION = 1.0;
				PRODUCT_BUNDLE_IDENTIFIER = com.gauravBhardwaj.YNews;
				PRODUCT_NAME = "$(TARGET_NAME)";
				STRING_CATALOG_GENERATE_SYMBOLS = YES;
				SWIFT_APPROACHABLE_CONCURRENCY = YES;
				SWIFT_DEFAULT_ACTOR_ISOLATION = MainActor;
				SWIFT_EMIT_LOC_STRINGS = YES;
				SWIFT_UPCOMING_FEATURE_MEMBER_IMPORT_VISIBILITY = YES;
				SWIFT_VERSION = 5.0;
				TARGETED_DEVICE_FAMILY = "1,2";
			};
			name = Debug;
		};
		BBEDEC582F3F9D9F00D826F4 /* Release */ = {
			isa = XCBuildConfiguration;
			buildSettings = {
				ASSETCATALOG_COMPILER_APPICON_NAME = AppIcon;
				ASSETCATALOG_COMPILER_GLOBAL_ACCENT_COLOR_NAME = AccentColor;
				CODE_SIGN_STYLE = Automatic;
				CURRENT_PROJECT_VERSION = 1;
				DEVELOPMENT_TEAM = KHCSMY5W68;
				GENERATE_INFOPLIST_FILE = YES;
				INFOPLIST_FILE = YNews/Info.plist;
				INFOPLIST_KEY_UIApplicationSupportsIndirectInputEvents = YES;
				INFOPLIST_KEY_UILaunchStoryboardName = LaunchScreen;
				INFOPLIST_KEY_UIMainStoryboardFile = Main;
				INFOPLIST_KEY_UISupportedInterfaceOrientations_iPad = "UIInterfaceOrientationPortrait UIInterfaceOrientationPortraitUpsideDown UIInterfaceOrientationLandscapeLeft UIInterfaceOrientationLandscapeRight";
				INFOPLIST_KEY_UISupportedInterfaceOrientations_iPhone = "UIInterfaceOrientationPortrait UIInterfaceOrientationLandscapeLeft UIInterfaceOrientationLandscapeRight";
				LD_RUNPATH_SEARCH_PATHS = (
					"$(inherited)",
					"@executable_path/Frameworks",
				);
				MARKETING_VERSION = 1.0;
				PRODUCT_BUNDLE_IDENTIFIER = com.gauravBhardwaj.YNews;
				PRODUCT_NAME = "$(TARGET_NAME)";
				STRING_CATALOG_GENERATE_SYMBOLS = YES;
				SWIFT_APPROACHABLE_CONCURRENCY = YES;
				SWIFT_DEFAULT_ACTOR_ISOLATION = MainActor;
				SWIFT_EMIT_LOC_STRINGS = YES;
				SWIFT_UPCOMING_FEATURE_MEMBER_IMPORT_VISIBILITY = YES;
				SWIFT_VERSION = 5.0;
				TARGETED_DEVICE_FAMILY = "1,2";
			};
			name = Release;
		};
		BBEDEC592F3F9D9F00D826F4 /* Debug */ = {
			isa = XCBuildConfiguration;
			buildSettings = {
				ALWAYS_SEARCH_USER_PATHS = NO;
				ASSETCATALOG_COMPILER_GENERATE_SWIFT_ASSET_SYMBOL_EXTENSIONS = YES;
				CLANG_ANALYZER_NONNULL = YES;
				CLANG_ANALYZER_NUMBER_OBJECT_CONVERSION = YES_AGGRESSIVE;
				CLANG_CXX_LANGUAGE_STANDARD = "gnu++20";
				CLANG_ENABLE_MODULES = YES;
				CLANG_ENABLE_OBJC_ARC = YES;
				CLANG_ENABLE_OBJC_WEAK = YES;
				CLANG_WARN_BLOCK_CAPTURE_AUTORELEASING = YES;
				CLANG_WARN_BOOL_CONVERSION = YES;
				CLANG_WARN_COMMA = YES;
				CLANG_WARN_CONSTANT_CONVERSION = YES;
				CLANG_WARN_DEPRECATED_OBJC_IMPLEMENTATIONS = YES;
				CLANG_WARN_DIRECT_OBJC_ISA_USAGE = YES_ERROR;
				CLANG_WARN_DOCUMENTATION_COMMENTS = YES;
				CLANG_WARN_EMPTY_BODY = YES;
				CLANG_WARN_ENUM_CONVERSION = YES;
				CLANG_WARN_INFINITE_RECURSION = YES;
				CLANG_WARN_INT_CONVERSION = YES;
				CLANG_WARN_NON_LITERAL_NULL_CONVERSION = YES;
				CLANG_WARN_OBJC_IMPLICIT_RETAIN_SELF = YES;
				CLANG_WARN_OBJC_LITERAL_CONVERSION = YES;
				CLANG_WARN_OBJC_ROOT_CLASS = YES_ERROR;
				CLANG_WARN_QUOTED_INCLUDE_IN_FRAMEWORK_HEADER = YES;
				CLANG_WARN_RANGE_LOOP_ANALYSIS = YES;
				CLANG_WARN_STRICT_PROTOTYPES = YES;
				CLANG_WARN_SUSPICIOUS_MOVE = YES;
				CLANG_WARN_UNGUARDED_AVAILABILITY = YES_AGGRESSIVE;
				CLANG_WARN_UNREACHABLE_CODE = YES;
				CLANG_WARN__DUPLICATE_METHOD_MATCH = YES;
				COPY_PHASE_STRIP = NO;
				DEBUG_INFORMATION_FORMAT = dwarf;
				DEVELOPMENT_TEAM = KHCSMY5W68;
				ENABLE_STRICT_OBJC_MSGSEND = YES;
				ENABLE_TESTABILITY = YES;
				ENABLE_USER_SCRIPT_SANDBOXING = YES;
				GCC_C_LANGUAGE_STANDARD = gnu17;
				GCC_DYNAMIC_NO_PIC = NO;
				GCC_NO_COMMON_BLOCKS = YES;
				GCC_OPTIMIZATION_LEVEL = 0;
				GCC_PREPROCESSOR_DEFINITIONS = (
					"DEBUG=1",
					"$(inherited)",
				);
				GCC_WARN_64_TO_32_BIT_CONVERSION = YES;
				GCC_WARN_ABOUT_RETURN_TYPE = YES_ERROR;
				GCC_WARN_UNDECLARED_SELECTOR = YES;
				GCC_WARN_UNINITIALIZED_AUTOS = YES_AGGRESSIVE;
				GCC_WARN_UNUSED_FUNCTION = YES;
				GCC_WARN_UNUSED_VARIABLE = YES;
				IPHONEOS_DEPLOYMENT_TARGET = 26.2;
				LOCALIZATION_PREFERS_STRING_CATALOGS = YES;
				MTL_ENABLE_DEBUG_INFO = INCLUDE_SOURCE;
				MTL_FAST_MATH = YES;
				ONLY_ACTIVE_ARCH = YES;
				SDKROOT = iphoneos;
				SWIFT_ACTIVE_COMPILATION_CONDITIONS = "DEBUG $(inherited)";
				SWIFT_OPTIMIZATION_LEVEL = "-Onone";
			};
			name = Debug;
		};
		BBEDEC5A2F3F9D9F00D826F4 /* Release */ = {
			isa = XCBuildConfiguration;
			buildSettings = {
				ALWAYS_SEARCH_USER_PATHS = NO;
				ASSETCATALOG_COMPILER_GENERATE_SWIFT_ASSET_SYMBOL_EXTENSIONS = YES;
				CLANG_ANALYZER_NONNULL = YES;
				CLANG_ANALYZER_NUMBER_OBJECT_CONVERSION = YES_AGGRESSIVE;
				CLANG_CXX_LANGUAGE_STANDARD = "gnu++20";
				CLANG_ENABLE_MODULES = YES;
				CLANG_ENABLE_OBJC_ARC = YES;
				CLANG_ENABLE_OBJC_WEAK = YES;
				CLANG_WARN_BLOCK_CAPTURE_AUTORELEASING = YES;
				CLANG_WARN_BOOL_CONVERSION = YES;
				CLANG_WARN_COMMA = YES;
				CLANG_WARN_CONSTANT_CONVERSION = YES;
				CLANG_WARN_DEPRECATED_OBJC_IMPLEMENTATIONS = YES;
				CLANG_WARN_DIRECT_OBJC_ISA_USAGE = YES_ERROR;
				CLANG_WARN_DOCUMENTATION_COMMENTS = YES;
				CLANG_WARN_EMPTY_BODY = YES;
				CLANG_WARN_ENUM_CONVERSION = YES;
				CLANG_WARN_INFINITE_RECURSION = YES;
				CLANG_WARN_INT_CONVERSION = YES;
				CLANG_WARN_NON_LITERAL_NULL_CONVERSION = YES;
				CLANG_WARN_OBJC_IMPLICIT_RETAIN_SELF = YES;
				CLANG_WARN_OBJC_LITERAL_CONVERSION = YES;
				CLANG_WARN_OBJC_ROOT_CLASS = YES_ERROR;
				CLANG_WARN_QUOTED_INCLUDE_IN_FRAMEWORK_HEADER = YES;
				CLANG_WARN_RANGE_LOOP_ANALYSIS = YES;
				CLANG_WARN_STRICT_PROTOTYPES = YES;
				CLANG_WARN_SUSPICIOUS_MOVE = YES;
				CLANG_WARN_UNGUARDED_AVAILABILITY = YES_AGGRESSIVE;
				CLANG_WARN_UNREACHABLE_CODE = YES;
				CLANG_WARN__DUPLICATE_METHOD_MATCH = YES;
				COPY_PHASE_STRIP = NO;
				DEBUG_INFORMATION_FORMAT = "dwarf-with-dsym";
				DEVELOPMENT_TEAM = KHCSMY5W68;
				ENABLE_NS_ASSERTIONS = NO;
				ENABLE_STRICT_OBJC_MSGSEND = YES;
				ENABLE_USER_SCRIPT_SANDBOXING = YES;
				GCC_C_LANGUAGE_STANDARD = gnu17;
				GCC_NO_COMMON_BLOCKS = YES;
				GCC_WARN_64_TO_32_BIT_CONVERSION = YES;
				GCC_WARN_ABOUT_RETURN_TYPE = YES_ERROR;
				GCC_WARN_UNDECLARED_SELECTOR = YES;
				GCC_WARN_UNINITIALIZED_AUTOS = YES_AGGRESSIVE;
				GCC_WARN_UNUSED_FUNCTION = YES;
				GCC_WARN_UNUSED_VARIABLE = YES;
				IPHONEOS_DEPLOYMENT_TARGET = 26.2;
				LOCALIZATION_PREFERS_STRING_CATALOGS = YES;
				MTL_ENABLE_DEBUG_INFO = NO;
				MTL_FAST_MATH = YES;
				SDKROOT = iphoneos;
				SWIFT_COMPILATION_MODE = wholemodule;
				VALIDATE_PRODUCT = YES;
			};
			name = Release;
		};
		BBEDEC5C2F3F9D9F00D826F4 /* Debug */ = {
			isa = XCBuildConfiguration;
			buildSettings = {
				BUNDLE_LOADER = "$(TEST_HOST)";
				CODE_SIGN_STYLE = Automatic;
				CURRENT_PROJECT_VERSION = 1;
				DEVELOPMENT_TEAM = KHCSMY5W68;
				GENERATE_INFOPLIST_FILE = YES;
				IPHONEOS_DEPLOYMENT_TARGET = 26.2;
				MARKETING_VERSION = 1.0;
				PRODUCT_BUNDLE_IDENTIFIER = com.gauravBhardwaj.YNewsTests;
				PRODUCT_NAME = "$(TARGET_NAME)";
				STRING_CATALOG_GENERATE_SYMBOLS = NO;
				SWIFT_APPROACHABLE_CONCURRENCY = YES;
				SWIFT_EMIT_LOC_STRINGS = NO;
				SWIFT_UPCOMING_FEATURE_MEMBER_IMPORT_VISIBILITY = YES;
				SWIFT_VERSION = 5.0;
				TARGETED_DEVICE_FAMILY = "1,2";
				TEST_HOST = "$(BUILT_PRODUCTS_DIR)/YNews.app/$(BUNDLE_EXECUTABLE_FOLDER_PATH)/YNews";
			};
			name = Debug;
		};
		BBEDEC5D2F3F9D9F00D826F4 /* Release */ = {
			isa = XCBuildConfiguration;
			buildSettings = {
				BUNDLE_LOADER = "$(TEST_HOST)";
				CODE_SIGN_STYLE = Automatic;
				CURRENT_PROJECT_VERSION = 1;
				DEVELOPMENT_TEAM = KHCSMY5W68;
				GENERATE_INFOPLIST_FILE = YES;
				IPHONEOS_DEPLOYMENT_TARGET = 26.2;
				MARKETING_VERSION = 1.0;
				PRODUCT_BUNDLE_IDENTIFIER = com.gauravBhardwaj.YNewsTests;
				PRODUCT_NAME = "$(TARGET_NAME)";
				STRING_CATALOG_GENERATE_SYMBOLS = NO;
				SWIFT_APPROACHABLE_CONCURRENCY = YES;
				SWIFT_EMIT_LOC_STRINGS = NO;
				SWIFT_UPCOMING_FEATURE_MEMBER_IMPORT_VISIBILITY = YES;
				SWIFT_VERSION = 5.0;
				TARGETED_DEVICE_FAMILY = "1,2";
				TEST_HOST = "$(BUILT_PRODUCTS_DIR)/YNews.app/$(BUNDLE_EXECUTABLE_FOLDER_PATH)/YNews";
			};
			name = Release;
		};
		BBEDEC5F2F3F9D9F00D826F4 /* Debug */ = {
			isa = XCBuildConfiguration;
			buildSettings = {
				CODE_SIGN_STYLE = Automatic;
				CURRENT_PROJECT_VERSION = 1;
				DEVELOPMENT_TEAM = KHCSMY5W68;
				GENERATE_INFOPLIST_FILE = YES;
				MARKETING_VERSION = 1.0;
				PRODUCT_BUNDLE_IDENTIFIER = com.gauravBhardwaj.YNewsUITests;
				PRODUCT_NAME = "$(TARGET_NAME)";
				STRING_CATALOG_GENERATE_SYMBOLS = NO;
				SWIFT_APPROACHABLE_CONCURRENCY = YES;
				SWIFT_EMIT_LOC_STRINGS = NO;
				SWIFT_UPCOMING_FEATURE_MEMBER_IMPORT_VISIBILITY = YES;
				SWIFT_VERSION = 5.0;
				TARGETED_DEVICE_FAMILY = "1,2";
				TEST_TARGET_NAME = YNews;
			};
			name = Debug;
		};
		BBEDEC602F3F9D9F00D826F4 /* Release */ = {
			isa = XCBuildConfiguration;
			buildSettings = {
				CODE_SIGN_STYLE = Automatic;
				CURRENT_PROJECT_VERSION = 1;
				DEVELOPMENT_TEAM = KHCSMY5W68;
				GENERATE_INFOPLIST_FILE = YES;
				MARKETING_VERSION = 1.0;
				PRODUCT_BUNDLE_IDENTIFIER = com.gauravBhardwaj.YNewsUITests;
				PRODUCT_NAME = "$(TARGET_NAME)";
				STRING_CATALOG_GENERATE_SYMBOLS = NO;
				SWIFT_APPROACHABLE_CONCURRENCY = YES;
				SWIFT_EMIT_LOC_STRINGS = NO;
				SWIFT_UPCOMING_FEATURE_MEMBER_IMPORT_VISIBILITY = YES;
				SWIFT_VERSION = 5.0;
				TARGETED_DEVICE_FAMILY = "1,2";
				TEST_TARGET_NAME = YNews;
			};
			name = Release;
		};
/* End XCBuildConfiguration section */

/* Begin XCConfigurationList section */
		BBEDEC252F3F9D9D00D826F4 /* Build configuration list for PBXProject "YNews" */ = {
			isa = XCConfigurationList;
			buildConfigurations = (
				BBEDEC592F3F9D9F00D826F4 /* Debug */,
				BBEDEC5A2F3F9D9F00D826F4 /* Release */,
			);
			defaultConfigurationIsVisible = 0;
			defaultConfigurationName = Release;
		};
		BBEDEC562F3F9D9F00D826F4 /* Build configuration list for PBXNativeTarget "YNews" */ = {
			isa = XCConfigurationList;
			buildConfigurations = (
				BBEDEC572F3F9D9F00D826F4 /* Debug */,
				BBEDEC582F3F9D9F00D826F4 /* Release */,
			);
			defaultConfigurationIsVisible = 0;
			defaultConfigurationName = Release;
		};
		BBEDEC5B2F3F9D9F00D826F4 /* Build configuration list for PBXNativeTarget "YNewsTests" */ = {
			isa = XCConfigurationList;
			buildConfigurations = (
				BBEDEC5C2F3F9D9F00D826F4 /* Debug */,
				BBEDEC5D2F3F9D9F00D826F4 /* Release */,
			);
			defaultConfigurationIsVisible = 0;
			defaultConfigurationName = Release;
		};
		BBEDEC5E2F3F9D9F00D826F4 /* Build configuration list for PBXNativeTarget "YNewsUITests" */ = {
			isa = XCConfigurationList;
			buildConfigurations = (
				BBEDEC5F2F3F9D9F00D826F4 /* Debug */,
				BBEDEC602F3F9D9F00D826F4 /* Release */,
			);
			defaultConfigurationIsVisible = 0;
			defaultConfigurationName = Release;
		};
/* End XCConfigurationList section */
	};
	rootObject = BBEDEC222F3F9D9D00D826F4 /* Project object */;
}
